
Microsoft Visual Studio Solution File, Format Version 12.00
# Visual Studio Version 16
VisualStudioVersion = 16.0.29709.97
MinimumVisualStudioVersion = 10.0.40219.1
Project("{FAE04EC0-301F-11D3-BF4B-00C04F79EFBC}") = "WebApi", "WebApi\WebApi.csproj", "{6DEA03D2-5073-4AAE-AE75-44CC1A720AA6}"
EndProject
Project("{2150E333-8FDC-42A3-9474-1A3956D46DE8}") = "Docs", "Docs", "{2A191571-3DED-4F8C-8D53-F85340C40E10}"
	ProjectSection(SolutionItems) = preProject
		WebApi\StatusCodes.xlsx = WebApi\StatusCodes.xlsx
	EndProjectSection
EndProject
Global
	GlobalSection(SolutionConfigurationPlatforms) = preSolution
		Debug|Any CPU = Debug|Any CPU
		Release|Any CPU = Release|Any CPU
	EndGlobalSection
	GlobalSection(ProjectConfigurationPlatforms) = postSolution
		{6DEA03D2-5073-4AAE-AE75-44CC1A720AA6}.Debug|Any CPU.ActiveCfg = Debug|Any CPU
		{6DEA03D2-5073-4AAE-AE75-44CC1A720AA6}.Debug|Any CPU.Build.0 = Debug|Any CPU
		{6DEA03D2-5073-4AAE-AE75-44CC1A720AA6}.Release|Any CPU.ActiveCfg = Release|Any CPU
		{6DEA03D2-5073-4AAE-AE75-44CC1A720AA6}.Release|Any CPU.Build.0 = Release|Any CPU
	EndGlobalSection
	GlobalSection(SolutionProperties) = preSolution
		HideSolutionNode = FALSE
	EndGlobalSection
	GlobalSection(ExtensibilityGlobals) = postSolution
		SolutionGuid = {447DDF74-C019-4BB9-8717-A42BA1CAA0FA}
	EndGlobalSection
EndGlobal
